
Microsoft Visual Studio Solution File, Format Version 12.00
# Visual Studio Version 16
VisualStudioVersion = 16.0.29326.143
MinimumVisualStudioVersion = 10.0.40219.1
Project("{FAE04EC0-301F-11D3-BF4B-00C04F79EFBC}") = "WPF_Project_WSEI", "WPF_Project_WSEI.csproj", "{E7013551-0741-4595-939A-A055437FA1CD}"
EndProject
Global
	GlobalSection(SolutionConfigurationPlatforms) = preSolution
		Debug|Any CPU = Debug|Any CPU
		Release|Any CPU = Release|Any CPU
	EndGlobalSection
	GlobalSection(ProjectConfigurationPlatforms) = postSolution
		{E7013551-0741-4595-939A-A055437FA1CD}.Debug|Any CPU.ActiveCfg = Debug|Any CPU
		{E7013551-0741-4595-939A-A055437FA1CD}.Debug|Any CPU.Build.0 = Debug|Any CPU
		{E7013551-0741-4595-939A-A055437FA1CD}.Release|Any CPU.ActiveCfg = Release|Any CPU
		{E7013551-0741-4595-939A-A055437FA1CD}.Release|Any CPU.Build.0 = Release|Any CPU
	EndGlobalSection
	GlobalSection(SolutionProperties) = preSolution
		HideSolutionNode = FALSE
	EndGlobalSection
	GlobalSection(ExtensibilityGlobals) = postSolution
		SolutionGuid = {60A6F4EC-EDA9-474B-86B5-90D6A3154C41}
	EndGlobalSection
EndGlobal
